
Microsoft Visual Studio Solution File, Format Version 12.00
# Visual Studio Version 17
VisualStudioVersion = 17.10.35431.56
MinimumVisualStudioVersion = 10.0.40219.1
Project("{FAE04EC0-301F-11D3-BF4B-00C04F79EFBC}") = "TicketSystemWeb", "TicketSystemWeb\TicketSystemWeb.csproj", "{5CCD1BE1-50CE-4FE4-99A1-2C72279429E3}"
EndProject
Project("{FAE04EC0-301F-11D3-BF4B-00C04F79EFBC}") = "TicketSystemDesktop", "TicketSystemDesktop\TicketSystemDesktop.csproj", "{1A479834-05C4-44DE-A8A9-29022278FC2A}"
EndProject
Global
	GlobalSection(SolutionConfigurationPlatforms) = preSolution
		Debug|Any CPU = Debug|Any CPU
		Release|Any CPU = Release|Any CPU
	EndGlobalSection
	GlobalSection(ProjectConfigurationPlatforms) = postSolution
		{5CCD1BE1-50CE-4FE4-99A1-2C72279429E3}.Debug|Any CPU.ActiveCfg = Debug|Any CPU
		{5CCD1BE1-50CE-4FE4-99A1-2C72279429E3}.Debug|Any CPU.Build.0 = Debug|Any CPU
		{5CCD1BE1-50CE-4FE4-99A1-2C72279429E3}.Release|Any CPU.ActiveCfg = Release|Any CPU
		{5CCD1BE1-50CE-4FE4-99A1-2C72279429E3}.Release|Any CPU.Build.0 = Release|Any CPU
		{1A479834-05C4-44DE-A8A9-29022278FC2A}.Debug|Any CPU.ActiveCfg = Debug|Any CPU
		{1A479834-05C4-44DE-A8A9-29022278FC2A}.Debug|Any CPU.Build.0 = Debug|Any CPU
		{1A479834-05C4-44DE-A8A9-29022278FC2A}.Release|Any CPU.ActiveCfg = Release|Any CPU
		{1A479834-05C4-44DE-A8A9-29022278FC2A}.Release|Any CPU.Build.0 = Release|Any CPU
	EndGlobalSection
	GlobalSection(SolutionProperties) = preSolution
		HideSolutionNode = FALSE
	EndGlobalSection
	GlobalSection(ExtensibilityGlobals) = postSolution
		SolutionGuid = {916D7E65-AA02-47BD-B5DB-995F679A943D}
	EndGlobalSection
EndGlobal
